[[package]]
name = "appdirs"
version = "1.4.4"
description = "A small Python module for determining appropriate platform-specific dirs, e.g. a \"user data dir\"."
category = "dev"
optional = false
python-versions = "*"

[[package]]
name = "atomicwrites"
version = "1.4.0"
description = "Atomic file writes."
category = "dev"
optional = false
python-versions = ">=2.7, !=3.0.*, !=3.1.*, !=3.2.*, !=3.3.*"

[[package]]
name = "attrs"
version = "20.3.0"
description = "Classes Without Boilerplate"
category = "dev"
optional = false
python-versions = ">=2.7, !=3.0.*, !=3.1.*, !=3.2.*, !=3.3.*"

[package.extras]
dev = ["coverage[toml] (>=5.0.2)", "hypothesis", "pympler", "pytest (>=4.3.0)", "six", "zope.interface", "furo", "sphinx", "pre-commit"]
docs = ["furo", "sphinx", "zope.interface"]
tests = ["coverage[toml] (>=5.0.2)", "hypothesis", "pympler", "pytest (>=4.3.0)", "six", "zope.interface"]
tests_no_zope = ["coverage[toml] (>=5.0.2)", "hypothesis", "pympler", "pytest (>=4.3.0)", "six"]

[[package]]
name = "authlib"
version = "0.15.3"
description = "The ultimate Python library in building OAuth and OpenID Connect servers."
category = "main"
optional = false
python-versions = "*"

[package.dependencies]
cryptography = "*"

[package.extras]
client = ["requests"]

[[package]]
name = "black"
version = "20.8b1"
description = "The uncompromising code formatter."
category = "dev"
optional = false
python-versions = ">=3.6"

[package.dependencies]
appdirs = "*"
click = ">=7.1.2"
mypy-extensions = ">=0.4.3"
pathspec = ">=0.6,<1"
regex = ">=2020.1.8"
toml = ">=0.10.1"
typed-ast = ">=1.4.0"
typing-extensions = ">=3.7.4"

[package.extras]
colorama = ["colorama (>=0.4.3)"]
d = ["aiohttp (>=3.3.2)", "aiohttp-cors"]

[[package]]
name = "boto3"
version = "1.17.3"
description = "The AWS SDK for Python"
category = "main"
optional = false
python-versions = ">= 2.7, !=3.0.*, !=3.1.*, !=3.2.*, !=3.3.*, !=3.4.*, !=3.5.*"

[package.dependencies]
botocore = ">=1.20.3,<1.21.0"
jmespath = ">=0.7.1,<1.0.0"
s3transfer = ">=0.3.0,<0.4.0"

[[package]]
name = "botocore"
version = "1.20.3"
description = "Low-level, data-driven core of boto 3."
category = "main"
optional = false
python-versions = ">= 2.7, !=3.0.*, !=3.1.*, !=3.2.*, !=3.3.*, !=3.4.*, !=3.5.*"

[package.dependencies]
jmespath = ">=0.7.1,<1.0.0"
python-dateutil = ">=2.1,<3.0.0"
urllib3 = ">=1.25.4,<1.27"

[[package]]
name = "certifi"
version = "2020.12.5"
description = "Python package for providing Mozilla's CA Bundle."
category = "main"
optional = false
python-versions = "*"

[[package]]
name = "cffi"
version = "1.14.4"
description = "Foreign Function Interface for Python calling C code."
category = "main"
optional = false
python-versions = "*"

[package.dependencies]
pycparser = "*"

[[package]]
name = "chardet"
version = "4.0.0"
description = "Universal encoding detector for Python 2 and 3"
category = "main"
optional = false
python-versions = ">=2.7, !=3.0.*, !=3.1.*, !=3.2.*, !=3.3.*, !=3.4.*"

[[package]]
name = "click"
version = "7.1.2"
description = "Composable command line interface toolkit"
category = "dev"
optional = false
python-versions = ">=2.7, !=3.0.*, !=3.1.*, !=3.2.*, !=3.3.*, !=3.4.*"

[[package]]
name = "colorama"
version = "0.4.4"
description = "Cross-platform colored terminal text."
category = "dev"
optional = false
python-versions = ">=2.7, !=3.0.*, !=3.1.*, !=3.2.*, !=3.3.*, !=3.4.*"

[[package]]
name = "cryptography"
version = "3.4"
description = "cryptography is a package which provides cryptographic recipes and primitives to Python developers."
category = "main"
optional = false
python-versions = ">=3.6"

[package.dependencies]
cffi = ">=1.12"
setuptools-rust = ">=0.11.4"

[package.extras]
docs = ["sphinx (>=1.6.5,!=1.8.0,!=3.1.0,!=3.1.1)", "sphinx-rtd-theme"]
docstest = ["doc8", "pyenchant (>=1.6.11)", "twine (>=1.12.0)", "sphinxcontrib-spelling (>=4.0.1)"]
pep8test = ["black", "flake8", "flake8-import-order", "pep8-naming"]
ssh = ["bcrypt (>=3.1.5)"]
test = ["pytest (>=6.0)", "pytest-cov", "pytest-subtests", "pytest-xdist", "pretend", "iso8601", "pytz", "hypothesis (>=1.11.4,!=3.79.2)"]

[[package]]
name = "decorator"
version = "5.0.9"
description = "Decorators for Humans"
category = "dev"
optional = false
python-versions = ">=3.5"

[[package]]
name = "idna"
version = "2.10"
description = "Internationalized Domain Names in Applications (IDNA)"
category = "main"
optional = false
python-versions = ">=2.7, !=3.0.*, !=3.1.*, !=3.2.*, !=3.3.*"

[[package]]
name = "jinja2"
version = "3.1.2"
description = "A very fast and expressive template engine."
category = "dev"
optional = false
python-versions = ">=3.7"

[package.dependencies]
MarkupSafe = ">=2.0"

[package.extras]
i18n = ["Babel (>=2.7)"]

[[package]]
name = "jmespath"
version = "0.10.0"
description = "JSON Matching Expressions"
category = "main"
optional = false
python-versions = ">=2.6, !=3.0.*, !=3.1.*, !=3.2.*"

[[package]]
name = "markupsafe"
version = "2.1.1"
description = "Safely add untrusted strings to HTML/XML markup."
category = "dev"
optional = false
python-versions = ">=3.7"

[[package]]
name = "more-itertools"
version = "8.6.0"
description = "More routines for operating on iterables, beyond itertools"
category = "dev"
optional = false
python-versions = ">=3.5"

[[package]]
name = "moto"
version = "3.1.8"
description = "A library that allows your python tests to easily mock out the boto library"
category = "dev"
optional = false
python-versions = ">=3.6"

[package.dependencies]
boto3 = ">=1.9.201"
botocore = ">=1.12.201"
cryptography = ">=3.3.1"
Jinja2 = ">=2.10.1"
MarkupSafe = "!=2.0.0a1"
python-dateutil = ">=2.1,<3.0.0"
pytz = "*"
requests = ">=2.5"
responses = ">=0.9.0"
werkzeug = "*"
xmltodict = "*"

[package.extras]
all = ["PyYAML (>=5.1)", "python-jose[cryptography] (>=3.1.0,<4.0.0)", "ecdsa (!=0.15)", "docker (>=2.5.1)", "graphql-core", "jsondiff (>=1.1.2)", "aws-xray-sdk (>=0.93,!=0.96)", "idna (>=2.5,<4)", "cfn-lint (>=0.4.0)", "sshpubkeys (>=3.1.0)", "pyparsing (>=3.0.0)", "setuptools"]
apigateway = ["PyYAML (>=5.1)", "python-jose[cryptography] (>=3.1.0,<4.0.0)", "ecdsa (!=0.15)"]
apigatewayv2 = ["PyYAML (>=5.1)"]
appsync = ["graphql-core"]
awslambda = ["docker (>=2.5.1)"]
batch = ["docker (>=2.5.1)"]
cloudformation = ["docker (>=2.5.1)", "PyYAML (>=5.1)", "cfn-lint (>=0.4.0)"]
cognitoidp = ["python-jose[cryptography] (>=3.1.0,<4.0.0)", "ecdsa (!=0.15)"]
ds = ["sshpubkeys (>=3.1.0)"]
dynamodb = ["docker (>=2.5.1)"]
dynamodb2 = ["docker (>=2.5.1)"]
dynamodbstreams = ["docker (>=2.5.1)"]
ec2 = ["sshpubkeys (>=3.1.0)"]
efs = ["sshpubkeys (>=3.1.0)"]
glue = ["pyparsing (>=3.0.0)"]
iotdata = ["jsondiff (>=1.1.2)"]
route53resolver = ["sshpubkeys (>=3.1.0)"]
s3 = ["PyYAML (>=5.1)"]
server = ["PyYAML (>=5.1)", "python-jose[cryptography] (>=3.1.0,<4.0.0)", "ecdsa (!=0.15)", "docker (>=2.5.1)", "graphql-core", "jsondiff (>=1.1.2)", "aws-xray-sdk (>=0.93,!=0.96)", "idna (>=2.5,<4)", "cfn-lint (>=0.4.0)", "sshpubkeys (>=3.1.0)", "pyparsing (>=3.0.0)", "setuptools", "flask", "flask-cors"]
ssm = ["PyYAML (>=5.1)", "dataclasses"]
xray = ["aws-xray-sdk (>=0.93,!=0.96)", "setuptools"]

[[package]]
name = "mypy-extensions"
version = "0.4.3"
description = "Experimental type system extensions for programs checked with the mypy typechecker."
category = "dev"
optional = false
python-versions = "*"

[[package]]
name = "packaging"
version = "20.9"
description = "Core utilities for Python packages"
category = "dev"
optional = false
python-versions = ">=2.7, !=3.0.*, !=3.1.*, !=3.2.*, !=3.3.*"

[package.dependencies]
pyparsing = ">=2.0.2"

[[package]]
name = "pathspec"
version = "0.8.1"
description = "Utility library for gitignore style pattern matching of file paths."
category = "dev"
optional = false
python-versions = ">=2.7, !=3.0.*, !=3.1.*, !=3.2.*, !=3.3.*, !=3.4.*"

[[package]]
name = "pluggy"
version = "0.13.1"
description = "plugin and hook calling mechanisms for python"
category = "dev"
optional = false
python-versions = ">=2.7, !=3.0.*, !=3.1.*, !=3.2.*, !=3.3.*"

[package.extras]
dev = ["pre-commit", "tox"]

[[package]]
name = "py"
version = "1.10.0"
description = "library with cross-python path, ini-parsing, io, code, log facilities"
category = "dev"
optional = false
python-versions = ">=2.7, !=3.0.*, !=3.1.*, !=3.2.*, !=3.3.*"

[[package]]
name = "pycparser"
version = "2.20"
description = "C parser in Python"
category = "main"
optional = false
python-versions = ">=2.7, !=3.0.*, !=3.1.*, !=3.2.*, !=3.3.*"

[[package]]
name = "pyparsing"
version = "2.4.7"
description = "Python parsing module"
category = "dev"
optional = false
python-versions = ">=2.6, !=3.0.*, !=3.1.*, !=3.2.*"

[[package]]
name = "pytest"
version = "5.4.3"
description = "pytest: simple powerful testing with Python"
category = "dev"
optional = false
python-versions = ">=3.5"

[package.dependencies]
atomicwrites = {version = ">=1.0", markers = "sys_platform == \"win32\""}
attrs = ">=17.4.0"
colorama = {version = "*", markers = "sys_platform == \"win32\""}
more-itertools = ">=4.0.0"
packaging = "*"
pluggy = ">=0.12,<1.0"
py = ">=1.5.0"
wcwidth = "*"

[package.extras]
checkqa-mypy = ["mypy (==v0.761)"]
testing = ["argcomplete", "hypothesis (>=3.56)", "mock", "nose", "requests", "xmlschema"]

[[package]]
name = "python-dateutil"
version = "2.8.1"
description = "Extensions to the standard Python datetime module"
category = "main"
optional = false
python-versions = "!=3.0.*,!=3.1.*,!=3.2.*,>=2.7"

[package.dependencies]
six = ">=1.5"

[[package]]
name = "python-soql-parser"
version = "0.1.10"
description = "A pyparsing-based library for parsing SOQL statements"
category = "dev"
optional = false
python-versions = ">=3.8,<4.0"

[package.dependencies]
pyparsing = ">=2.4.7,<3.0.0"

[[package]]
name = "pytz"
version = "2022.1"
description = "World timezone definitions, modern and historical"
category = "dev"
optional = false
python-versions = "*"

[[package]]
name = "regex"
version = "2020.11.13"
description = "Alternative regular expression module, to replace re."
category = "dev"
optional = false
python-versions = "*"

[[package]]
name = "requests"
version = "2.25.1"
description = "Python HTTP for Humans."
category = "main"
optional = false
python-versions = ">=2.7, !=3.0.*, !=3.1.*, !=3.2.*, !=3.3.*, !=3.4.*"

[package.dependencies]
certifi = ">=2017.4.17"
chardet = ">=3.0.2,<5"
idna = ">=2.5,<3"
urllib3 = ">=1.21.1,<1.27"

[package.extras]
security = ["pyOpenSSL (>=0.14)", "cryptography (>=1.3.4)"]
socks = ["PySocks (>=1.5.6,!=1.5.7)", "win-inet-pton"]

[[package]]
name = "responses"
version = "0.13.2"
description = "A utility library for mocking out the `requests` Python library."
category = "dev"
optional = false
python-versions = ">=2.7, !=3.0.*, !=3.1.*, !=3.2.*, !=3.3.*, !=3.4.*"

[package.dependencies]
requests = ">=2.0"
six = "*"
urllib3 = ">=1.25.10"

[package.extras]
tests = ["coverage (>=3.7.1,<6.0.0)", "pytest-cov", "pytest-localserver", "flake8", "pytest (>=4.6,<5.0)", "pytest (>=4.6)", "mypy"]

[[package]]
name = "s3transfer"
version = "0.3.4"
description = "An Amazon S3 Transfer Manager"
category = "main"
optional = false
python-versions = "*"

[package.dependencies]
botocore = ">=1.12.36,<2.0a.0"

[[package]]
name = "semantic-version"
version = "2.8.5"
description = "A library implementing the 'SemVer' scheme."
category = "main"
optional = false
python-versions = ">=2.7, !=3.0.*, !=3.1.*, !=3.2.*, !=3.3.*"

[[package]]
name = "setuptools-rust"
version = "0.11.6"
description = "Setuptools rust extension plugin"
category = "main"
optional = false
python-versions = ">=3.5"

[package.dependencies]
semantic-version = ">=2.6.0"
toml = ">=0.9.0"

[[package]]
name = "simple-mockforce"
version = "0.1.12"
description = "A companion package for simple-salesforce that enables the testing of code that interacts with Salesforce's API"
category = "dev"
optional = false
python-versions = ">=3.8,<4.0"

[package.dependencies]
decorator = ">=5.0.7,<6.0.0"
python-soql-parser = ">=0.1.0,<0.2.0"
responses = ">=0.13.2,<0.14.0"

[[package]]
name = "simple-salesforce"
version = "1.11.2"
description = "A basic Salesforce.com REST API client."
category = "main"
optional = false
python-versions = "*"

[package.dependencies]
authlib = "*"
requests = ">=2.22.0"

[[package]]
name = "six"
version = "1.15.0"
description = "Python 2 and 3 compatibility utilities"
category = "main"
optional = false
python-versions = ">=2.7, !=3.0.*, !=3.1.*, !=3.2.*"

[[package]]
name = "toml"
version = "0.10.2"
description = "Python Library for Tom's Obvious, Minimal Language"
category = "main"
optional = false
python-versions = ">=2.6, !=3.0.*, !=3.1.*, !=3.2.*"

[[package]]
name = "typed-ast"
version = "1.4.2"
description = "a fork of Python 2 and 3 ast modules with type comment support"
category = "dev"
optional = false
python-versions = "*"

[[package]]
name = "typing-extensions"
version = "3.7.4.3"
description = "Backported and Experimental Type Hints for Python 3.5+"
category = "dev"
optional = false
python-versions = "*"

[[package]]
name = "urllib3"
version = "1.26.3"
description = "HTTP library with thread-safe connection pooling, file post, and more."
category = "main"
optional = false
python-versions = ">=2.7, !=3.0.*, !=3.1.*, !=3.2.*, !=3.3.*, !=3.4.*, <4"

[package.extras]
brotli = ["brotlipy (>=0.6.0)"]
secure = ["pyOpenSSL (>=0.14)", "cryptography (>=1.3.4)", "idna (>=2.0.0)", "certifi", "ipaddress"]
socks = ["PySocks (>=1.5.6,!=1.5.7,<2.0)"]

[[package]]
name = "wcwidth"
version = "0.2.5"
description = "Measures the displayed width of unicode strings in a terminal"
category = "dev"
optional = false
python-versions = "*"

[[package]]
name = "werkzeug"
version = "2.1.2"
description = "The comprehensive WSGI web application library."
category = "dev"
optional = false
python-versions = ">=3.7"

[package.extras]
watchdog = ["watchdog"]

[[package]]
name = "xmltodict"
version = "0.13.0"
description = "Makes working with XML feel like you are working with JSON"
category = "dev"
optional = false
python-versions = ">=3.4"

[metadata]
lock-version = "1.1"
python-versions = "^3.8"
content-hash = "577c966249b934d17ae3998c76469b0fd8312739b0c7c64ef7fd18489c04b752"

[metadata.files]
appdirs = [
    {file = "appdirs-1.4.4-py2.py3-none-any.whl", hash = "sha256:a841dacd6b99318a741b166adb07e19ee71a274450e68237b4650ca1055ab128"},
    {file = "appdirs-1.4.4.tar.gz", hash = "sha256:7d5d0167b2b1ba821647616af46a749d1c653740dd0d2415100fe26e27afdf41"},
]
atomicwrites = [
    {file = "atomicwrites-1.4.0-py2.py3-none-any.whl", hash = "sha256:6d1784dea7c0c8d4a5172b6c620f40b6e4cbfdf96d783691f2e1302a7b88e197"},
    {file = "atomicwrites-1.4.0.tar.gz", hash = "sha256:ae70396ad1a434f9c7046fd2dd196fc04b12f9e91ffb859164193be8b6168a7a"},
]
attrs = [
    {file = "attrs-20.3.0-py2.py3-none-any.whl", hash = "sha256:31b2eced602aa8423c2aea9c76a724617ed67cf9513173fd3a4f03e3a929c7e6"},
    {file = "attrs-20.3.0.tar.gz", hash = "sha256:832aa3cde19744e49938b91fea06d69ecb9e649c93ba974535d08ad92164f700"},
]
authlib = [
    {file = "Authlib-0.15.3-py2.py3-none-any.whl", hash = "sha256:0f6af3a38d37dd77361808dd3f2e258b647668dac6d2cefcefc4c4ebc3c7d2b2"},
    {file = "Authlib-0.15.3.tar.gz", hash = "sha256:7dde11ba45db51e97169c261362fab3193073100b7387e60c159db1eec470bbc"},
]
black = [
    {file = "black-20.8b1.tar.gz", hash = "sha256:1c02557aa099101b9d21496f8a914e9ed2222ef70336404eeeac8edba836fbea"},
]
boto3 = [
    {file = "boto3-1.17.3-py2.py3-none-any.whl", hash = "sha256:92041aa7589c886020cabd80eb58b89ace2f0094571792fccae24b9a8b3b97d7"},
    {file = "boto3-1.17.3.tar.gz", hash = "sha256:9f132c34e20110dea019293c89cede49b0a56be615b3e1debf98390ed9f1f7b9"},
]
botocore = [
    {file = "botocore-1.20.3-py2.py3-none-any.whl", hash = "sha256:1dae84c68b109f596f58cc2e9fa87704ccd40dcbc12144a89205f85efa7f9135"},
    {file = "botocore-1.20.3.tar.gz", hash = "sha256:a0fdded1c9636899ab273f50bf123f79b91439a8c282b5face8b5f4a48b493cb"},
]
certifi = [
    {file = "certifi-2020.12.5-py2.py3-none-any.whl", hash = "sha256:719a74fb9e33b9bd44cc7f3a8d94bc35e4049deebe19ba7d8e108280cfd59830"},
    {file = "certifi-2020.12.5.tar.gz", hash = "sha256:1a4995114262bffbc2413b159f2a1a480c969de6e6eb13ee966d470af86af59c"},
]
cffi = [
    {file = "cffi-1.14.4-cp27-cp27m-macosx_10_9_x86_64.whl", hash = "sha256:ebb253464a5d0482b191274f1c8bf00e33f7e0b9c66405fbffc61ed2c839c775"},
    {file = "cffi-1.14.4-cp27-cp27m-manylinux1_i686.whl", hash = "sha256:2c24d61263f511551f740d1a065eb0212db1dbbbbd241db758f5244281590c06"},
    {file = "cffi-1.14.4-cp27-cp27m-manylinux1_x86_64.whl", hash = "sha256:9f7a31251289b2ab6d4012f6e83e58bc3b96bd151f5b5262467f4bb6b34a7c26"},
    {file = "cffi-1.14.4-cp27-cp27m-win32.whl", hash = "sha256:5cf4be6c304ad0b6602f5c4e90e2f59b47653ac1ed9c662ed379fe48a8f26b0c"},
    {file = "cffi-1.14.4-cp27-cp27m-win_amd64.whl", hash = "sha256:f60567825f791c6f8a592f3c6e3bd93dd2934e3f9dac189308426bd76b00ef3b"},
    {file = "cffi-1.14.4-cp27-cp27mu-manylinux1_i686.whl", hash = "sha256:c6332685306b6417a91b1ff9fae889b3ba65c2292d64bd9245c093b1b284809d"},
    {file = "cffi-1.14.4-cp27-cp27mu-manylinux1_x86_64.whl", hash = "sha256:d9efd8b7a3ef378dd61a1e77367f1924375befc2eba06168b6ebfa903a5e59ca"},
    {file = "cffi-1.14.4-cp35-cp35m-macosx_10_9_x86_64.whl", hash = "sha256:51a8b381b16ddd370178a65360ebe15fbc1c71cf6f584613a7ea08bfad946698"},
    {file = "cffi-1.14.4-cp35-cp35m-manylinux1_i686.whl", hash = "sha256:1d2c4994f515e5b485fd6d3a73d05526aa0fcf248eb135996b088d25dfa1865b"},
    {file = "cffi-1.14.4-cp35-cp35m-manylinux1_x86_64.whl", hash = "sha256:af5c59122a011049aad5dd87424b8e65a80e4a6477419c0c1015f73fb5ea0293"},
    {file = "cffi-1.14.4-cp35-cp35m-win32.whl", hash = "sha256:594234691ac0e9b770aee9fcdb8fa02c22e43e5c619456efd0d6c2bf276f3eb2"},
    {file = "cffi-1.14.4-cp35-cp35m-win_amd64.whl", hash = "sha256:64081b3f8f6f3c3de6191ec89d7dc6c86a8a43911f7ecb422c60e90c70be41c7"},
    {file = "cffi-1.14.4-cp36-cp36m-macosx_10_9_x86_64.whl", hash = "sha256:f803eaa94c2fcda012c047e62bc7a51b0bdabda1cad7a92a522694ea2d76e49f"},
    {file = "cffi-1.14.4-cp36-cp36m-manylinux1_i686.whl", hash = "sha256:105abaf8a6075dc96c1fe5ae7aae073f4696f2905fde6aeada4c9d2926752362"},
    {file = "cffi-1.14.4-cp36-cp36m-manylinux1_x86_64.whl", hash = "sha256:0638c3ae1a0edfb77c6765d487fee624d2b1ee1bdfeffc1f0b58c64d149e7eec"},
    {file = "cffi-1.14.4-cp36-cp36m-manylinux2014_aarch64.whl", hash = "sha256:7c6b1dece89874d9541fc974917b631406233ea0440d0bdfbb8e03bf39a49b3b"},
    {file = "cffi-1.14.4-cp36-cp36m-win32.whl", hash = "sha256:155136b51fd733fa94e1c2ea5211dcd4c8879869008fc811648f16541bf99668"},
    {file = "cffi-1.14.4-cp36-cp36m-win_amd64.whl", hash = "sha256:6bc25fc545a6b3d57b5f8618e59fc13d3a3a68431e8ca5fd4c13241cd70d0009"},
    {file = "cffi-1.14.4-cp37-cp37m-macosx_10_9_x86_64.whl", hash = "sha256:a7711edca4dcef1a75257b50a2fbfe92a65187c47dab5a0f1b9b332c5919a3fb"},
    {file = "cffi-1.14.4-cp37-cp37m-manylinux1_i686.whl", hash = "sha256:00e28066507bfc3fe865a31f325c8391a1ac2916219340f87dfad602c3e48e5d"},
    {file = "cffi-1.14.4-cp37-cp37m-manylinux1_x86_64.whl", hash = "sha256:798caa2a2384b1cbe8a2a139d80734c9db54f9cc155c99d7cc92441a23871c03"},
    {file = "cffi-1.14.4-cp37-cp37m-manylinux2014_aarch64.whl", hash = "sha256:a5ed8c05548b54b998b9498753fb9cadbfd92ee88e884641377d8a8b291bcc01"},
    {file = "cffi-1.14.4-cp37-cp37m-win32.whl", hash = "sha256:00a1ba5e2e95684448de9b89888ccd02c98d512064b4cb987d48f4b40aa0421e"},
    {file = "cffi-1.14.4-cp37-cp37m-win_amd64.whl", hash = "sha256:9cc46bc107224ff5b6d04369e7c595acb700c3613ad7bcf2e2012f62ece80c35"},
    {file = "cffi-1.14.4-cp38-cp38-macosx_10_9_x86_64.whl", hash = "sha256:df5169c4396adc04f9b0a05f13c074df878b6052430e03f50e68adf3a57aa28d"},
    {file = "cffi-1.14.4-cp38-cp38-manylinux1_i686.whl", hash = "sha256:9ffb888f19d54a4d4dfd4b3f29bc2c16aa4972f1c2ab9c4ab09b8ab8685b9c2b"},
    {file = "cffi-1.14.4-cp38-cp38-manylinux1_x86_64.whl", hash = "sha256:8d6603078baf4e11edc4168a514c5ce5b3ba6e3e9c374298cb88437957960a53"},
    {file = "cffi-1.14.4-cp38-cp38-manylinux2014_aarch64.whl", hash = "sha256:d5ff0621c88ce83a28a10d2ce719b2ee85635e85c515f12bac99a95306da4b2e"},
    {file = "cffi-1.14.4-cp38-cp38-win32.whl", hash = "sha256:b4e248d1087abf9f4c10f3c398896c87ce82a9856494a7155823eb45a892395d"},
    {file = "cffi-1.14.4-cp38-cp38-win_amd64.whl", hash = "sha256:ec80dc47f54e6e9a78181ce05feb71a0353854cc26999db963695f950b5fb375"},
    {file = "cffi-1.14.4-cp39-cp39-macosx_10_9_x86_64.whl", hash = "sha256:840793c68105fe031f34d6a086eaea153a0cd5c491cde82a74b420edd0a2b909"},
    {file = "cffi-1.14.4-cp39-cp39-manylinux1_i686.whl", hash = "sha256:b18e0a9ef57d2b41f5c68beefa32317d286c3d6ac0484efd10d6e07491bb95dd"},
    {file = "cffi-1.14.4-cp39-cp39-manylinux1_x86_64.whl", hash = "sha256:045d792900a75e8b1e1b0ab6787dd733a8190ffcf80e8c8ceb2fb10a29ff238a"},
    {file = "cffi-1.14.4-cp39-cp39-manylinux2014_aarch64.whl", hash = "sha256:7ef7d4ced6b325e92eb4d3502946c78c5367bc416398d387b39591532536734e"},
    {file = "cffi-1.14.4-cp39-cp39-win32.whl", hash = "sha256:ba4e9e0ae13fc41c6b23299545e5ef73055213e466bd107953e4a013a5ddd7e3"},
    {file = "cffi-1.14.4-cp39-cp39-win_amd64.whl", hash = "sha256:f032b34669220030f905152045dfa27741ce1a6db3324a5bc0b96b6c7420c87b"},
    {file = "cffi-1.14.4.tar.gz", hash = "sha256:1a465cbe98a7fd391d47dce4b8f7e5b921e6cd805ef421d04f5f66ba8f06086c"},
]
chardet = [
    {file = "chardet-4.0.0-py2.py3-none-any.whl", hash = "sha256:f864054d66fd9118f2e67044ac8981a54775ec5b67aed0441892edb553d21da5"},
    {file = "chardet-4.0.0.tar.gz", hash = "sha256:0d6f53a15db4120f2b08c94f11e7d93d2c911ee118b6b30a04ec3ee8310179fa"},
]
click = [
    {file = "click-7.1.2-py2.py3-none-any.whl", hash = "sha256:dacca89f4bfadd5de3d7489b7c8a566eee0d3676333fbb50030263894c38c0dc"},
    {file = "click-7.1.2.tar.gz", hash = "sha256:d2b5255c7c6349bc1bd1e59e08cd12acbbd63ce649f2588755783aa94dfb6b1a"},
]
colorama = [
    {file = "colorama-0.4.4-py2.py3-none-any.whl", hash = "sha256:9f47eda37229f68eee03b24b9748937c7dc3868f906e8ba69fbcbdd3bc5dc3e2"},
    {file = "colorama-0.4.4.tar.gz", hash = "sha256:5941b2b48a20143d2267e95b1c2a7603ce057ee39fd88e7329b0c292aa16869b"},
]
cryptography = [
    {file = "cryptography-3.4-cp36-abi3-macosx_10_10_x86_64.whl", hash = "sha256:fbd38b271aee2c3a8faef582aefd78e3e3a4ffdb6c7e942ab21bd9b0511d26a9"},
    {file = "cryptography-3.4-cp36-abi3-macosx_10_15_x86_64.whl", hash = "sha256:e7d5aa2a82ccbfbae7b216d687bd81775cc32dbf82ad910d3b44f6322e3a7816"},
    {file = "cryptography-3.4-cp36-abi3-manylinux2010_x86_64.whl", hash = "sha256:33877917286b449364ef0b1769d2ec8c51b8aa03233e9221aea0339d8ae0c773"},
    {file = "cryptography-3.4-cp36-abi3-manylinux2014_aarch64.whl", hash = "sha256:e1184327cbce81cc1cabc65820d775bdc72fa032805d2a756ab75bd3bf0a31e3"},
    {file = "cryptography-3.4-cp36-abi3-manylinux2014_x86_64.whl", hash = "sha256:9efbd2867258a4b12e3c39ba12a064d3f862fb3aad6bc05120c830d51c250f16"},
    {file = "cryptography-3.4-cp36-abi3-win32.whl", hash = "sha256:b652ae00b3b7c6f0afef061686919206d92e12ce2c926dc28b68ccb1b3ceb630"},
    {file = "cryptography-3.4-cp36-abi3-win_amd64.whl", hash = "sha256:6f414e7f0fb5cb5667251fd32367674dbed90da45daa532827c8e54868e9a0b7"},
    {file = "cryptography-3.4.tar.gz", hash = "sha256:9f7aa11ea95723359f914be3217d8b378bc3897f65a1ec1ab4e0118c336f51fc"},
]
decorator = [
    {file = "decorator-5.0.9-py3-none-any.whl", hash = "sha256:6e5c199c16f7a9f0e3a61a4a54b3d27e7dad0dbdde92b944426cb20914376323"},
    {file = "decorator-5.0.9.tar.gz", hash = "sha256:72ecfba4320a893c53f9706bebb2d55c270c1e51a28789361aa93e4a21319ed5"},
]
idna = [
    {file = "idna-2.10-py2.py3-none-any.whl", hash = "sha256:b97d804b1e9b523befed77c48dacec60e6dcb0b5391d57af6a65a312a90648c0"},
    {file = "idna-2.10.tar.gz", hash = "sha256:b307872f855b18632ce0c21c5e45be78c0ea7ae4c15c828c20788b26921eb3f6"},
]
jinja2 = [
    {file = "Jinja2-3.1.2-py3-none-any.whl", hash = "sha256:6088930bfe239f0e6710546ab9c19c9ef35e29792895fed6e6e31a023a182a61"},
    {file = "Jinja2-3.1.2.tar.gz", hash = "sha256:31351a702a408a9e7595a8fc6150fc3f43bb6bf7e319770cbc0db9df9437e852"},
]
jmespath = [
    {file = "jmespath-0.10.0-py2.py3-none-any.whl", hash = "sha256:cdf6525904cc597730141d61b36f2e4b8ecc257c420fa2f4549bac2c2d0cb72f"},
    {file = "jmespath-0.10.0.tar.gz", hash = "sha256:b85d0567b8666149a93172712e68920734333c0ce7e89b78b3e987f71e5ed4f9"},
]
markupsafe = [
    {file = "MarkupSafe-2.1.1-cp310-cp310-macosx_10_9_universal2.whl", hash = "sha256:86b1f75c4e7c2ac2ccdaec2b9022845dbb81880ca318bb7a0a01fbf7813e3812"},
    {file = "MarkupSafe-2.1.1-cp310-cp310-macosx_10_9_x86_64.whl", hash = "sha256:f121a1420d4e173a5d96e47e9a0c0dcff965afdf1626d28de1460815f7c4ee7a"},
    {file = "MarkupSafe-2.1.1-cp310-cp310-manylinux_2_17_aarch64.manylinux2014_aarch64.whl", hash = "sha256:a49907dd8420c5685cfa064a1335b6754b74541bbb3706c259c02ed65b644b3e"},
    {file = "MarkupSafe-2.1.1-cp310-cp310-manylinux_2_17_x86_64.manylinux2014_x86_64.whl", hash = "sha256:10c1bfff05d95783da83491be968e8fe789263689c02724e0c691933c52994f5"},
    {file = "MarkupSafe-2.1.1-cp310-cp310-manylinux_2_5_i686.manylinux1_i686.manylinux_2_17_i686.manylinux2014_i686.whl", hash = "sha256:b7bd98b796e2b6553da7225aeb61f447f80a1ca64f41d83612e6139ca5213aa4"},
    {file = "MarkupSafe-2.1.1-cp310-cp310-musllinux_1_1_aarch64.whl", hash = "sha256:b09bf97215625a311f669476f44b8b318b075847b49316d3e28c08e41a7a573f"},
    {file = "MarkupSafe-2.1.1-cp310-cp310-musllinux_1_1_i686.whl", hash = "sha256:694deca8d702d5db21ec83983ce0bb4b26a578e71fbdbd4fdcd387daa90e4d5e"},
    {file = "MarkupSafe-2.1.1-cp310-cp310-musllinux_1_1_x86_64.whl", hash = "sha256:efc1913fd2ca4f334418481c7e595c00aad186563bbc1ec76067848c7ca0a933"},
    {file = "MarkupSafe-2.1.1-cp310-cp310-win32.whl", hash = "sha256:4a33dea2b688b3190ee12bd7cfa29d39c9ed176bda40bfa11099a3ce5d3a7ac6"},
    {file = "MarkupSafe-2.1.1-cp310-cp310-win_amd64.whl", hash = "sha256:dda30ba7e87fbbb7eab1ec9f58678558fd9a6b8b853530e176eabd064da81417"},
    {file = "MarkupSafe-2.1.1-cp37-cp37m-macosx_10_9_x86_64.whl", hash = "sha256:671cd1187ed5e62818414afe79ed29da836dde67166a9fac6d435873c44fdd02"},
    {file = "MarkupSafe-2.1.1-cp37-cp37m-manylinux_2_17_aarch64.manylinux2014_aarch64.whl", hash = "sha256:3799351e2336dc91ea70b034983ee71cf2f9533cdff7c14c90ea126bfd95d65a"},
    {file = "MarkupSafe-2.1.1-cp37-cp37m-manylinux_2_17_x86_64.manylinux2014_x86_64.whl", hash = "sha256:e72591e9ecd94d7feb70c1cbd7be7b3ebea3f548870aa91e2732960fa4d57a37"},
    {file = "MarkupSafe-2.1.1-cp37-cp37m-manylinux_2_5_i686.manylinux1_i686.manylinux_2_17_i686.manylinux2014_i686.whl", hash = "sha256:6fbf47b5d3728c6aea2abb0589b5d30459e369baa772e0f37a0320185e87c980"},
    {file = "MarkupSafe-2.1.1-cp37-cp37m-musllinux_1_1_aarch64.whl", hash = "sha256:d5ee4f386140395a2c818d149221149c54849dfcfcb9f1debfe07a8b8bd63f9a"},
    {file = "MarkupSafe-2.1.1-cp37-cp37m-musllinux_1_1_i686.whl", hash = "sha256:bcb3ed405ed3222f9904899563d6fc492ff75cce56cba05e32eff40e6acbeaa3"},
    {file = "MarkupSafe-2.1.1-cp37-cp37m-musllinux_1_1_x86_64.whl", hash = "sha256:e1c0b87e09fa55a220f058d1d49d3fb8df88fbfab58558f1198e08c1e1de842a"},
    {file = "MarkupSafe-2.1.1-cp37-cp37m-win32.whl", hash = "sha256:8dc1c72a69aa7e082593c4a203dcf94ddb74bb5c8a731e4e1eb68d031e8498ff"},
    {file = "MarkupSafe-2.1.1-cp37-cp37m-win_amd64.whl", hash = "sha256:97a68e6ada378df82bc9f16b800ab77cbf4b2fada0081794318520138c088e4a"},
    {file = "MarkupSafe-2.1.1-cp38-cp38-macosx_10_9_universal2.whl", hash = "sha256:e8c843bbcda3a2f1e3c2ab25913c80a3c5376cd00c6e8c4a86a89a28c8dc5452"},
    {file = "MarkupSafe-2.1.1-cp38-cp38-macosx_10_9_x86_64.whl", hash = "sha256:0212a68688482dc52b2d45013df70d169f542b7394fc744c02a57374a4207003"},
    {file = "MarkupSafe-2.1.1-cp38-cp38-manylinux_2_17_aarch64.manylinux2014_aarch64.whl", hash = "sha256:8e576a51ad59e4bfaac456023a78f6b5e6e7651dcd383bcc3e18d06f9b55d6d1"},
    {file = "MarkupSafe-2.1.1-cp38-cp38-manylinux_2_17_x86_64.manylinux2014_x86_64.whl", hash = "sha256:4b9fe39a2ccc108a4accc2676e77da025ce383c108593d65cc909add5c3bd601"},
    {file = "MarkupSafe-2.1.1-cp38-cp38-manylinux_2_5_i686.manylinux1_i686.manylinux_2_17_i686.manylinux2014_i686.whl", hash = "sha256:96e37a3dc86e80bf81758c152fe66dbf60ed5eca3d26305edf01892257049925"},
    {file = "MarkupSafe-2.1.1-cp38-cp38-musllinux_1_1_aarch64.whl", hash = "sha256:6d0072fea50feec76a4c418096652f2c3238eaa014b2f94aeb1d56a66b41403f"},
    {file = "MarkupSafe-2.1.1-cp38-cp38-musllinux_1_1_i686.whl", hash = "sha256:089cf3dbf0cd6c100f02945abeb18484bd1ee57a079aefd52cffd17fba910b88"},
    {file = "MarkupSafe-2.1.1-cp38-cp38-musllinux_1_1_x86_64.whl", hash = "sha256:6a074d34ee7a5ce3effbc526b7083ec9731bb3cbf921bbe1d3005d4d2bdb3a63"},
    {file = "MarkupSafe-2.1.1-cp38-cp38-win32.whl", hash = "sha256:421be9fbf0ffe9ffd7a378aafebbf6f4602d564d34be190fc19a193232fd12b1"},
    {file = "MarkupSafe-2.1.1-cp38-cp38-win_amd64.whl", hash = "sha256:fc7b548b17d238737688817ab67deebb30e8073c95749d55538ed473130ec0c7"},
    {file = "MarkupSafe-2.1.1-cp39-cp39-macosx_10_9_universal2.whl", hash = "sha256:e04e26803c9c3851c931eac40c695602c6295b8d432cbe78609649ad9bd2da8a"},
    {file = "MarkupSafe-2.1.1-cp39-cp39-macosx_10_9_x86_64.whl", hash = "sha256:b87db4360013327109564f0e591bd2a3b318547bcef31b468a92ee504d07ae4f"},
    {file = "MarkupSafe-2.1.1-cp39-cp39-manylinux_2_17_aarch64.manylinux2014_aarch64.whl", hash = "sha256:99a2a507ed3ac881b975a2976d59f38c19386d128e7a9a18b7df6fff1fd4c1d6"},
    {file = "MarkupSafe-2.1.1-cp39-cp39-manylinux_2_17_x86_64.manylinux2014_x86_64.whl", hash = "sha256:56442863ed2b06d19c37f94d999035e15ee982988920e12a5b4ba29b62ad1f77"},
    {file = "MarkupSafe-2.1.1-cp39-cp39-manylinux_2_5_i686.manylinux1_i686.manylinux_2_17_i686.manylinux2014_i686.whl", hash = "sha256:3ce11ee3f23f79dbd06fb3d63e2f6af7b12db1d46932fe7bd8afa259a5996603"},
    {file = "MarkupSafe-2.1.1-cp39-cp39-musllinux_1_1_aarch64.whl", hash = "sha256:33b74d289bd2f5e527beadcaa3f401e0df0a89927c1559c8566c066fa4248ab7"},
    {file = "MarkupSafe-2.1.1-cp39-cp39-musllinux_1_1_i686.whl", hash = "sha256:43093fb83d8343aac0b1baa75516da6092f58f41200907ef92448ecab8825135"},
    {file = "MarkupSafe-2.1.1-cp39-cp39-musllinux_1_1_x86_64.whl", hash = "sha256:8e3dcf21f367459434c18e71b2a9532d96547aef8a871872a5bd69a715c15f96"},
    {file = "MarkupSafe-2.1.1-cp39-cp39-win32.whl", hash = "sha256:d4306c36ca495956b6d568d276ac11fdd9c30a36f1b6eb928070dc5360b22e1c"},
    {file = "MarkupSafe-2.1.1-cp39-cp39-win_amd64.whl", hash = "sha256:46d00d6cfecdde84d40e572d63735ef81423ad31184100411e6e3388d405e247"},
    {file = "MarkupSafe-2.1.1.tar.gz", hash = "sha256:7f91197cc9e48f989d12e4e6fbc46495c446636dfc81b9ccf50bb0ec74b91d4b"},
]
more-itertools = [
    {file = "more-itertools-8.6.0.tar.gz", hash = "sha256:b3a9005928e5bed54076e6e549c792b306fddfe72b2d1d22dd63d42d5d3899cf"},
    {file = "more_itertools-8.6.0-py3-none-any.whl", hash = "sha256:8e1a2a43b2f2727425f2b5839587ae37093f19153dc26c0927d1048ff6557330"},
]
moto = [
    {file = "moto-3.1.8-py3-none-any.whl", hash = "sha256:19dd772ab1092ef8b74a4dd801dbdf1cf6f3b181c1dff5f2343884162e33bf6f"},
    {file = "moto-3.1.8.tar.gz", hash = "sha256:bde95005ec42a88448a98809397030f9e886387f469dcd2fcbc7f38d75858872"},
]
mypy-extensions = [
    {file = "mypy_extensions-0.4.3-py2.py3-none-any.whl", hash = "sha256:090fedd75945a69ae91ce1303b5824f428daf5a028d2f6ab8a299250a846f15d"},
    {file = "mypy_extensions-0.4.3.tar.gz", hash = "sha256:2d82818f5bb3e369420cb3c4060a7970edba416647068eb4c5343488a6c604a8"},
]
packaging = [
    {file = "packaging-20.9-py2.py3-none-any.whl", hash = "sha256:67714da7f7bc052e064859c05c595155bd1ee9f69f76557e21f051443c20947a"},
    {file = "packaging-20.9.tar.gz", hash = "sha256:5b327ac1320dc863dca72f4514ecc086f31186744b84a230374cc1fd776feae5"},
]
pathspec = [
    {file = "pathspec-0.8.1-py2.py3-none-any.whl", hash = "sha256:aa0cb481c4041bf52ffa7b0d8fa6cd3e88a2ca4879c533c9153882ee2556790d"},
    {file = "pathspec-0.8.1.tar.gz", hash = "sha256:86379d6b86d75816baba717e64b1a3a3469deb93bb76d613c9ce79edc5cb68fd"},
]
pluggy = [
    {file = "pluggy-0.13.1-py2.py3-none-any.whl", hash = "sha256:966c145cd83c96502c3c3868f50408687b38434af77734af1e9ca461a4081d2d"},
    {file = "pluggy-0.13.1.tar.gz", hash = "sha256:15b2acde666561e1298d71b523007ed7364de07029219b604cf808bfa1c765b0"},
]
py = [
    {file = "py-1.10.0-py2.py3-none-any.whl", hash = "sha256:3b80836aa6d1feeaa108e046da6423ab8f6ceda6468545ae8d02d9d58d18818a"},
    {file = "py-1.10.0.tar.gz", hash = "sha256:21b81bda15b66ef5e1a777a21c4dcd9c20ad3efd0b3f817e7a809035269e1bd3"},
]
pycparser = [
    {file = "pycparser-2.20-py2.py3-none-any.whl", hash = "sha256:7582ad22678f0fcd81102833f60ef8d0e57288b6b5fb00323d101be910e35705"},
    {file = "pycparser-2.20.tar.gz", hash = "sha256:2d475327684562c3a96cc71adf7dc8c4f0565175cf86b6d7a404ff4c771f15f0"},
]
pyparsing = [
    {file = "pyparsing-2.4.7-py2.py3-none-any.whl", hash = "sha256:ef9d7589ef3c200abe66653d3f1ab1033c3c419ae9b9bdb1240a85b024efc88b"},
    {file = "pyparsing-2.4.7.tar.gz", hash = "sha256:c203ec8783bf771a155b207279b9bccb8dea02d8f0c9e5f8ead507bc3246ecc1"},
]
pytest = [
    {file = "pytest-5.4.3-py3-none-any.whl", hash = "sha256:5c0db86b698e8f170ba4582a492248919255fcd4c79b1ee64ace34301fb589a1"},
    {file = "pytest-5.4.3.tar.gz", hash = "sha256:7979331bfcba207414f5e1263b5a0f8f521d0f457318836a7355531ed1a4c7d8"},
]
python-dateutil = [
    {file = "python-dateutil-2.8.1.tar.gz", hash = "sha256:73ebfe9dbf22e832286dafa60473e4cd239f8592f699aa5adaf10050e6e1823c"},
    {file = "python_dateutil-2.8.1-py2.py3-none-any.whl", hash = "sha256:75bb3f31ea686f1197762692a9ee6a7550b59fc6ca3a1f4b5d7e32fb98e2da2a"},
]
python-soql-parser = [
    {file = "python-soql-parser-0.1.10.tar.gz", hash = "sha256:9e700710d709e956c1be9cbda6fce3c8c2dbd020999e04df45e143400197219d"},
    {file = "python_soql_parser-0.1.10-py3-none-any.whl", hash = "sha256:9d64df5c495870f705cd4e6a8367b5f1494577dc3e0d9486f2dc3b01e8407408"},
]
pytz = [
    {file = "pytz-2022.1-py2.py3-none-any.whl", hash = "sha256:e68985985296d9a66a881eb3193b0906246245294a881e7c8afe623866ac6a5c"},
    {file = "pytz-2022.1.tar.gz", hash = "sha256:1e760e2fe6a8163bc0b3d9a19c4f84342afa0a2affebfaa84b01b978a02ecaa7"},
]
regex = [
    {file = "regex-2020.11.13-cp36-cp36m-macosx_10_9_x86_64.whl", hash = "sha256:8b882a78c320478b12ff024e81dc7d43c1462aa4a3341c754ee65d857a521f85"},
    {file = "regex-2020.11.13-cp36-cp36m-manylinux1_i686.whl", hash = "sha256:a63f1a07932c9686d2d416fb295ec2c01ab246e89b4d58e5fa468089cab44b70"},
    {file = "regex-2020.11.13-cp36-cp36m-manylinux1_x86_64.whl", hash = "sha256:6e4b08c6f8daca7d8f07c8d24e4331ae7953333dbd09c648ed6ebd24db5a10ee"},
    {file = "regex-2020.11.13-cp36-cp36m-manylinux2010_i686.whl", hash = "sha256:bba349276b126947b014e50ab3316c027cac1495992f10e5682dc677b3dfa0c5"},
    {file = "regex-2020.11.13-cp36-cp36m-manylinux2010_x86_64.whl", hash = "sha256:56e01daca75eae420bce184edd8bb341c8eebb19dd3bce7266332258f9fb9dd7"},
    {file = "regex-2020.11.13-cp36-cp36m-manylinux2014_aarch64.whl", hash = "sha256:6a8ce43923c518c24a2579fda49f093f1397dad5d18346211e46f134fc624e31"},
    {file = "regex-2020.11.13-cp36-cp36m-manylinux2014_i686.whl", hash = "sha256:1ab79fcb02b930de09c76d024d279686ec5d532eb814fd0ed1e0051eb8bd2daa"},
    {file = "regex-2020.11.13-cp36-cp36m-manylinux2014_x86_64.whl", hash = "sha256:9801c4c1d9ae6a70aeb2128e5b4b68c45d4f0af0d1535500884d644fa9b768c6"},
    {file = "regex-2020.11.13-cp36-cp36m-win32.whl", hash = "sha256:49cae022fa13f09be91b2c880e58e14b6da5d10639ed45ca69b85faf039f7a4e"},
    {file = "regex-2020.11.13-cp36-cp36m-win_amd64.whl", hash = "sha256:749078d1eb89484db5f34b4012092ad14b327944ee7f1c4f74d6279a6e4d1884"},
    {file = "regex-2020.11.13-cp37-cp37m-macosx_10_9_x86_64.whl", hash = "sha256:b2f4007bff007c96a173e24dcda236e5e83bde4358a557f9ccf5e014439eae4b"},
    {file = "regex-2020.11.13-cp37-cp37m-manylinux1_i686.whl", hash = "sha256:38c8fd190db64f513fe4e1baa59fed086ae71fa45083b6936b52d34df8f86a88"},
    {file = "regex-2020.11.13-cp37-cp37m-manylinux1_x86_64.whl", hash = "sha256:5862975b45d451b6db51c2e654990c1820523a5b07100fc6903e9c86575202a0"},
    {file = "regex-2020.11.13-cp37-cp37m-manylinux2010_i686.whl", hash = "sha256:262c6825b309e6485ec2493ffc7e62a13cf13fb2a8b6d212f72bd53ad34118f1"},
    {file = "regex-2020.11.13-cp37-cp37m-manylinux2010_x86_64.whl", hash = "sha256:bafb01b4688833e099d79e7efd23f99172f501a15c44f21ea2118681473fdba0"},
    {file = "regex-2020.11.13-cp37-cp37m-manylinux2014_aarch64.whl", hash = "sha256:e32f5f3d1b1c663af7f9c4c1e72e6ffe9a78c03a31e149259f531e0fed826512"},
    {file = "regex-2020.11.13-cp37-cp37m-manylinux2014_i686.whl", hash = "sha256:3bddc701bdd1efa0d5264d2649588cbfda549b2899dc8d50417e47a82e1387ba"},
    {file = "regex-2020.11.13-cp37-cp37m-manylinux2014_x86_64.whl", hash = "sha256:02951b7dacb123d8ea6da44fe45ddd084aa6777d4b2454fa0da61d569c6fa538"},
    {file = "regex-2020.11.13-cp37-cp37m-win32.whl", hash = "sha256:0d08e71e70c0237883d0bef12cad5145b84c3705e9c6a588b2a9c7080e5af2a4"},
    {file = "regex-2020.11.13-cp37-cp37m-win_amd64.whl", hash = "sha256:1fa7ee9c2a0e30405e21031d07d7ba8617bc590d391adfc2b7f1e8b99f46f444"},
    {file = "regex-2020.11.13-cp38-cp38-macosx_10_9_x86_64.whl", hash = "sha256:baf378ba6151f6e272824b86a774326f692bc2ef4cc5ce8d5bc76e38c813a55f"},
    {file = "regex-2020.11.13-cp38-cp38-manylinux1_i686.whl", hash = "sha256:e3faaf10a0d1e8e23a9b51d1900b72e1635c2d5b0e1bea1c18022486a8e2e52d"},
    {file = "regex-2020.11.13-cp38-cp38-manylinux1_x86_64.whl", hash = "sha256:2a11a3e90bd9901d70a5b31d7dd85114755a581a5da3fc996abfefa48aee78af"},
    {file = "regex-2020.11.13-cp38-cp38-manylinux2010_i686.whl", hash = "sha256:d1ebb090a426db66dd80df8ca85adc4abfcbad8a7c2e9a5ec7513ede522e0a8f"},
    {file = "regex-2020.11.13-cp38-cp38-manylinux2010_x86_64.whl", hash = "sha256:b2b1a5ddae3677d89b686e5c625fc5547c6e492bd755b520de5332773a8af06b"},
    {file = "regex-2020.11.13-cp38-cp38-manylinux2014_aarch64.whl", hash = "sha256:2c99e97d388cd0a8d30f7c514d67887d8021541b875baf09791a3baad48bb4f8"},
    {file = "regex-2020.11.13-cp38-cp38-manylinux2014_i686.whl", hash = "sha256:c084582d4215593f2f1d28b65d2a2f3aceff8342aa85afd7be23a9cad74a0de5"},
    {file = "regex-2020.11.13-cp38-cp38-manylinux2014_x86_64.whl", hash = "sha256:a3d748383762e56337c39ab35c6ed4deb88df5326f97a38946ddd19028ecce6b"},
    {file = "regex-2020.11.13-cp38-cp38-win32.whl", hash = "sha256:7913bd25f4ab274ba37bc97ad0e21c31004224ccb02765ad984eef43e04acc6c"},
    {file = "regex-2020.11.13-cp38-cp38-win_amd64.whl", hash = "sha256:6c54ce4b5d61a7129bad5c5dc279e222afd00e721bf92f9ef09e4fae28755683"},
    {file = "regex-2020.11.13-cp39-cp39-macosx_10_9_x86_64.whl", hash = "sha256:1862a9d9194fae76a7aaf0150d5f2a8ec1da89e8b55890b1786b8f88a0f619dc"},
    {file = "regex-2020.11.13-cp39-cp39-manylinux1_i686.whl", hash = "sha256:4902e6aa086cbb224241adbc2f06235927d5cdacffb2425c73e6570e8d862364"},
    {file = "regex-2020.11.13-cp39-cp39-manylinux1_x86_64.whl", hash = "sha256:7a25fcbeae08f96a754b45bdc050e1fb94b95cab046bf56b016c25e9ab127b3e"},
    {file = "regex-2020.11.13-cp39-cp39-manylinux2010_i686.whl", hash = "sha256:d2d8ce12b7c12c87e41123997ebaf1a5767a5be3ec545f64675388970f415e2e"},
    {file = "regex-2020.11.13-cp39-cp39-manylinux2010_x86_64.whl", hash = "sha256:f7d29a6fc4760300f86ae329e3b6ca28ea9c20823df123a2ea8693e967b29917"},
    {file = "regex-2020.11.13-cp39-cp39-manylinux2014_aarch64.whl", hash = "sha256:717881211f46de3ab130b58ec0908267961fadc06e44f974466d1887f865bd5b"},
    {file = "regex-2020.11.13-cp39-cp39-manylinux2014_i686.whl", hash = "sha256:3128e30d83f2e70b0bed9b2a34e92707d0877e460b402faca908c6667092ada9"},
    {file = "regex-2020.11.13-cp39-cp39-manylinux2014_x86_64.whl", hash = "sha256:8f6a2229e8ad946e36815f2a03386bb8353d4bde368fdf8ca5f0cb97264d3b5c"},
    {file = "regex-2020.11.13-cp39-cp39-win32.whl", hash = "sha256:f8f295db00ef5f8bae530fc39af0b40486ca6068733fb860b42115052206466f"},
    {file = "regex-2020.11.13-cp39-cp39-win_amd64.whl", hash = "sha256:a15f64ae3a027b64496a71ab1f722355e570c3fac5ba2801cafce846bf5af01d"},
    {file = "regex-2020.11.13.tar.gz", hash = "sha256:83d6b356e116ca119db8e7c6fc2983289d87b27b3fac238cfe5dca529d884562"},
]
requests = [
    {file = "requests-2.25.1-py2.py3-none-any.whl", hash = "sha256:c210084e36a42ae6b9219e00e48287def368a26d03a048ddad7bfee44f75871e"},
    {file = "requests-2.25.1.tar.gz", hash = "sha256:27973dd4a904a4f13b263a19c866c13b92a39ed1c964655f025f3f8d3d75b804"},
]
responses = [
    {file = "responses-0.13.2-py2.py3-none-any.whl", hash = "sha256:75529f9bea08276cea43545dcb6129f137c299d6a12269485a753785c869e0e2"},
    {file = "responses-0.13.2.tar.gz", hash = "sha256:0f0ab4717728d33dae8e66deea61eecc1e38f0398e35249e3963ff74cfc8d0d8"},
]
s3transfer = [
    {file = "s3transfer-0.3.4-py2.py3-none-any.whl", hash = "sha256:1e28620e5b444652ed752cf87c7e0cb15b0e578972568c6609f0f18212f259ed"},
    {file = "s3transfer-0.3.4.tar.gz", hash = "sha256:7fdddb4f22275cf1d32129e21f056337fd2a80b6ccef1664528145b72c49e6d2"},
]
semantic-version = [
    {file = "semantic_version-2.8.5-py2.py3-none-any.whl", hash = "sha256:45e4b32ee9d6d70ba5f440ec8cc5221074c7f4b0e8918bdab748cc37912440a9"},
    {file = "semantic_version-2.8.5.tar.gz", hash = "sha256:d2cb2de0558762934679b9a104e82eca7af448c9f4974d1f3eeccff651df8a54"},
]
setuptools-rust = [
    {file = "setuptools-rust-0.11.6.tar.gz", hash = "sha256:a5b5954909cbc5d66b914ee6763f81fa2610916041c7266105a469f504a7c4ca"},
    {file = "setuptools_rust-0.11.6-py3-none-any.whl", hash = "sha256:5acf8cd8e89d57f0cd3cc942f60fa2ccfdede4c7a0b0d4b28eb7ab756df30347"},
]
simple-mockforce = [
    {file = "simple-mockforce-0.1.12.tar.gz", hash = "sha256:69a57e04bc07ed37674e3abf920cf2d0eb2e57148720b639a55e6e1b823f3b44"},
    {file = "simple_mockforce-0.1.12-py3-none-any.whl", hash = "sha256:fc3fd62758b6060b1a3f1a42a247884fe7b62c24f2f39ba1cf0e5bc6479d6fe4"},
]
simple-salesforce = [
    {file = "simple-salesforce-1.11.2.tar.gz", hash = "sha256:995cf718bb240617b4c02c39c2c20288582916b11b06e7ebb6fb360729ee439b"},
    {file = "simple_salesforce-1.11.2-py2.py3-none-any.whl", hash = "sha256:58812024224fe378027211d3ab637be9b06c8130ac248b3d407d8125cddd206c"},
]
six = [
    {file = "six-1.15.0-py2.py3-none-any.whl", hash = "sha256:8b74bedcbbbaca38ff6d7491d76f2b06b3592611af620f8426e82dddb04a5ced"},
    {file = "six-1.15.0.tar.gz", hash = "sha256:30639c035cdb23534cd4aa2dd52c3bf48f06e5f4a941509c8bafd8ce11080259"},
]
toml = [
    {file = "toml-0.10.2-py2.py3-none-any.whl", hash = "sha256:806143ae5bfb6a3c6e736a764057db0e6a0e05e338b5630894a5f779cabb4f9b"},
    {file = "toml-0.10.2.tar.gz", hash = "sha256:b3bda1d108d5dd99f4a20d24d9c348e91c4db7ab1b749200bded2f839ccbe68f"},
]
typed-ast = [
    {file = "typed_ast-1.4.2-cp35-cp35m-manylinux1_i686.whl", hash = "sha256:7703620125e4fb79b64aa52427ec192822e9f45d37d4b6625ab37ef403e1df70"},
    {file = "typed_ast-1.4.2-cp35-cp35m-manylinux1_x86_64.whl", hash = "sha256:c9aadc4924d4b5799112837b226160428524a9a45f830e0d0f184b19e4090487"},
    {file = "typed_ast-1.4.2-cp35-cp35m-manylinux2014_aarch64.whl", hash = "sha256:9ec45db0c766f196ae629e509f059ff05fc3148f9ffd28f3cfe75d4afb485412"},
    {file = "typed_ast-1.4.2-cp35-cp35m-win32.whl", hash = "sha256:85f95aa97a35bdb2f2f7d10ec5bbdac0aeb9dafdaf88e17492da0504de2e6400"},
    {file = "typed_ast-1.4.2-cp35-cp35m-win_amd64.whl", hash = "sha256:9044ef2df88d7f33692ae3f18d3be63dec69c4fb1b5a4a9ac950f9b4ba571606"},
    {file = "typed_ast-1.4.2-cp36-cp36m-macosx_10_9_x86_64.whl", hash = "sha256:c1c876fd795b36126f773db9cbb393f19808edd2637e00fd6caba0e25f2c7b64"},
    {file = "typed_ast-1.4.2-cp36-cp36m-manylinux1_i686.whl", hash = "sha256:5dcfc2e264bd8a1db8b11a892bd1647154ce03eeba94b461effe68790d8b8e07"},
    {file = "typed_ast-1.4.2-cp36-cp36m-manylinux1_x86_64.whl", hash = "sha256:8db0e856712f79c45956da0c9a40ca4246abc3485ae0d7ecc86a20f5e4c09abc"},
    {file = "typed_ast-1.4.2-cp36-cp36m-manylinux2014_aarch64.whl", hash = "sha256:d003156bb6a59cda9050e983441b7fa2487f7800d76bdc065566b7d728b4581a"},
    {file = "typed_ast-1.4.2-cp36-cp36m-win32.whl", hash = "sha256:4c790331247081ea7c632a76d5b2a265e6d325ecd3179d06e9cf8d46d90dd151"},
    {file = "typed_ast-1.4.2-cp36-cp36m-win_amd64.whl", hash = "sha256:d175297e9533d8d37437abc14e8a83cbc68af93cc9c1c59c2c292ec59a0697a3"},
    {file = "typed_ast-1.4.2-cp37-cp37m-macosx_10_9_x86_64.whl", hash = "sha256:cf54cfa843f297991b7388c281cb3855d911137223c6b6d2dd82a47ae5125a41"},
    {file = "typed_ast-1.4.2-cp37-cp37m-manylinux1_i686.whl", hash = "sha256:b4fcdcfa302538f70929eb7b392f536a237cbe2ed9cba88e3bf5027b39f5f77f"},
    {file = "typed_ast-1.4.2-cp37-cp37m-manylinux1_x86_64.whl", hash = "sha256:987f15737aba2ab5f3928c617ccf1ce412e2e321c77ab16ca5a293e7bbffd581"},
    {file = "typed_ast-1.4.2-cp37-cp37m-manylinux2014_aarch64.whl", hash = "sha256:37f48d46d733d57cc70fd5f30572d11ab8ed92da6e6b28e024e4a3edfb456e37"},
    {file = "typed_ast-1.4.2-cp37-cp37m-win32.whl", hash = "sha256:36d829b31ab67d6fcb30e185ec996e1f72b892255a745d3a82138c97d21ed1cd"},
    {file = "typed_ast-1.4.2-cp37-cp37m-win_amd64.whl", hash = "sha256:8368f83e93c7156ccd40e49a783a6a6850ca25b556c0fa0240ed0f659d2fe496"},
    {file = "typed_ast-1.4.2-cp38-cp38-macosx_10_9_x86_64.whl", hash = "sha256:963c80b583b0661918718b095e02303d8078950b26cc00b5e5ea9ababe0de1fc"},
    {file = "typed_ast-1.4.2-cp38-cp38-manylinux1_i686.whl", hash = "sha256:e683e409e5c45d5c9082dc1daf13f6374300806240719f95dc783d1fc942af10"},
    {file = "typed_ast-1.4.2-cp38-cp38-manylinux1_x86_64.whl", hash = "sha256:84aa6223d71012c68d577c83f4e7db50d11d6b1399a9c779046d75e24bed74ea"},
    {file = "typed_ast-1.4.2-cp38-cp38-manylinux2014_aarch64.whl", hash = "sha256:a38878a223bdd37c9709d07cd357bb79f4c760b29210e14ad0fb395294583787"},
    {file = "typed_ast-1.4.2-cp38-cp38-win32.whl", hash = "sha256:a2c927c49f2029291fbabd673d51a2180038f8cd5a5b2f290f78c4516be48be2"},
    {file = "typed_ast-1.4.2-cp38-cp38-win_amd64.whl", hash = "sha256:c0c74e5579af4b977c8b932f40a5464764b2f86681327410aa028a22d2f54937"},
    {file = "typed_ast-1.4.2-cp39-cp39-macosx_10_9_x86_64.whl", hash = "sha256:07d49388d5bf7e863f7fa2f124b1b1d89d8aa0e2f7812faff0a5658c01c59aa1"},
    {file = "typed_ast-1.4.2-cp39-cp39-manylinux1_i686.whl", hash = "sha256:240296b27397e4e37874abb1df2a608a92df85cf3e2a04d0d4d61055c8305ba6"},
    {file = "typed_ast-1.4.2-cp39-cp39-manylinux1_x86_64.whl", hash = "sha256:d746a437cdbca200622385305aedd9aef68e8a645e385cc483bdc5e488f07166"},
    {file = "typed_ast-1.4.2-cp39-cp39-manylinux2014_aarch64.whl", hash = "sha256:14bf1522cdee369e8f5581238edac09150c765ec1cb33615855889cf33dcb92d"},
    {file = "typed_ast-1.4.2-cp39-cp39-win32.whl", hash = "sha256:cc7b98bf58167b7f2db91a4327da24fb93368838eb84a44c472283778fc2446b"},
    {file = "typed_ast-1.4.2-cp39-cp39-win_amd64.whl", hash = "sha256:7147e2a76c75f0f64c4319886e7639e490fee87c9d25cb1d4faef1d8cf83a440"},
    {file = "typed_ast-1.4.2.tar.gz", hash = "sha256:9fc0b3cb5d1720e7141d103cf4819aea239f7d136acf9ee4a69b047b7986175a"},
]
typing-extensions = [
    {file = "typing_extensions-3.7.4.3-py2-none-any.whl", hash = "sha256:dafc7639cde7f1b6e1acc0f457842a83e722ccca8eef5270af2d74792619a89f"},
    {file = "typing_extensions-3.7.4.3-py3-none-any.whl", hash = "sha256:7cb407020f00f7bfc3cb3e7881628838e69d8f3fcab2f64742a5e76b2f841918"},
    {file = "typing_extensions-3.7.4.3.tar.gz", hash = "sha256:99d4073b617d30288f569d3f13d2bd7548c3a7e4c8de87db09a9d29bb3a4a60c"},
]
urllib3 = [
    {file = "urllib3-1.26.3-py2.py3-none-any.whl", hash = "sha256:1b465e494e3e0d8939b50680403e3aedaa2bc434b7d5af64dfd3c958d7f5ae80"},
    {file = "urllib3-1.26.3.tar.gz", hash = "sha256:de3eedaad74a2683334e282005cd8d7f22f4d55fa690a2a1020a416cb0a47e73"},
]
wcwidth = [
    {file = "wcwidth-0.2.5-py2.py3-none-any.whl", hash = "sha256:beb4802a9cebb9144e99086eff703a642a13d6a0052920003a230f3294bbe784"},
    {file = "wcwidth-0.2.5.tar.gz", hash = "sha256:c4d647b99872929fdb7bdcaa4fbe7f01413ed3d98077df798530e5b04f116c83"},
]
werkzeug = [
    {file = "Werkzeug-2.1.2-py3-none-any.whl", hash = "sha256:72a4b735692dd3135217911cbeaa1be5fa3f62bffb8745c5215420a03dc55255"},
    {file = "Werkzeug-2.1.2.tar.gz", hash = "sha256:1ce08e8093ed67d638d63879fd1ba3735817f7a80de3674d293f5984f25fb6e6"},
]
xmltodict = [
    {file = "xmltodict-0.13.0-py2.py3-none-any.whl", hash = "sha256:aa89e8fd76320154a40d19a0df04a4695fb9dc5ba977cbb68ab3e4eb225e7852"},
    {file = "xmltodict-0.13.0.tar.gz", hash = "sha256:341595a488e3e01a85a9d8911d8912fd922ede5fecc4dce437eb4b6c8d037e56"},
]
